
Microsoft Visual Studio Solution File, Format Version 12.00
# Visual Studio Version 17
VisualStudioVersion = 17.2.32526.322
MinimumVisualStudioVersion = 10.0.40219.1
Project("{8BC9CEB8-8B4A-11D0-8D11-00A0C91BC942}") = "cpp_6_18", "cpp_6_18\cpp_6_18.vcxproj", "{5FDAC412-94AE-452A-980A-3FA2060802DF}"
EndProject
Global
	GlobalSection(SolutionConfigurationPlatforms) = preSolution
		Debug|x64 = Debug|x64
		Debug|x86 = Debug|x86
		Release|x64 = Release|x64
		Release|x86 = Release|x86
	EndGlobalSection
	GlobalSection(ProjectConfigurationPlatforms) = postSolution
		{5FDAC412-94AE-452A-980A-3FA2060802DF}.Debug|x64.ActiveCfg = Debug|x64
		{5FDAC412-94AE-452A-980A-3FA2060802DF}.Debug|x64.Build.0 = Debug|x64
		{5FDAC412-94AE-452A-980A-3FA2060802DF}.Debug|x86.ActiveCfg = Debug|Win32
		{5FDAC412-94AE-452A-980A-3FA2060802DF}.Debug|x86.Build.0 = Debug|Win32
		{5FDAC412-94AE-452A-980A-3FA2060802DF}.Release|x64.ActiveCfg = Release|x64
		{5FDAC412-94AE-452A-980A-3FA2060802DF}.Release|x64.Build.0 = Release|x64
		{5FDAC412-94AE-452A-980A-3FA2060802DF}.Release|x86.ActiveCfg = Release|Win32
		{5FDAC412-94AE-452A-980A-3FA2060802DF}.Release|x86.Build.0 = Release|Win32
	EndGlobalSection
	GlobalSection(SolutionProperties) = preSolution
		HideSolutionNode = FALSE
	EndGlobalSection
	GlobalSection(ExtensibilityGlobals) = postSolution
		SolutionGuid = {108082DB-FC28-45C4-94C8-B970354C3687}
	EndGlobalSection
EndGlobal
